
Microsoft Visual Studio Solution File, Format Version 12.00
# Visual Studio Version 16
VisualStudioVersion = 16.0.30320.27
MinimumVisualStudioVersion = 10.0.40219.1
Project("{FAE04EC0-301F-11D3-BF4B-00C04F79EFBC}") = "DBFirst", "DBFirst\DBFirst.csproj", "{B72A4E53-62DD-4A27-81D6-4D2AECF01C3C}"
EndProject
Project("{FAE04EC0-301F-11D3-BF4B-00C04F79EFBC}") = "DBFirstStandard", "DBFirstStandard\DBFirstStandard.csproj", "{45C9A31E-79E2-4102-8733-E1BE361F39F9}"
EndProject
Project("{FAE04EC0-301F-11D3-BF4B-00C04F79EFBC}") = "DBFirstCore", "DBFirstCore\DBFirstCore.csproj", "{79C2361F-BC44-4356-9733-988544BB2C45}"
EndProject
Project("{FAE04EC0-301F-11D3-BF4B-00C04F79EFBC}") = "DBFirstService", "DBFirstService\DBFirstService.csproj", "{56980F74-9DB5-4F3A-BB51-F52681E5072E}"
EndProject
Project("{FAE04EC0-301F-11D3-BF4B-00C04F79EFBC}") = "CodeFirst", "CodeFirst\CodeFirst.csproj", "{E16C5FDF-BEA4-4E9B-BE49-04ABBACDD0C1}"
EndProject
Project("{FAE04EC0-301F-11D3-BF4B-00C04F79EFBC}") = "CodeFirstCore", "CodeFirstCore\CodeFirstCore.csproj", "{79360DDB-B0F6-4BCA-9C0C-5AE7443C4585}"
EndProject
Project("{FAE04EC0-301F-11D3-BF4B-00C04F79EFBC}") = "CodeFirstService", "CodeFirstService\CodeFirstService.csproj", "{5E004654-1240-4F26-BDB7-2F21C4093B72}"
EndProject
Project("{2150E333-8FDC-42A3-9474-1A3956D46DE8}") = "CodeFirstTest", "CodeFirstTest", "{E5D224EB-38C0-452E-A241-BA1EDAD66241}"
EndProject
Project("{2150E333-8FDC-42A3-9474-1A3956D46DE8}") = "DBFirstTest", "DBFirstTest", "{3789CB96-49AC-48E3-9748-3058EFFB24CD}"
EndProject
Global
	GlobalSection(SolutionConfigurationPlatforms) = preSolution
		Debug|Any CPU = Debug|Any CPU
		Release|Any CPU = Release|Any CPU
	EndGlobalSection
	GlobalSection(ProjectConfigurationPlatforms) = postSolution
		{B72A4E53-62DD-4A27-81D6-4D2AECF01C3C}.Debug|Any CPU.ActiveCfg = Debug|Any CPU
		{B72A4E53-62DD-4A27-81D6-4D2AECF01C3C}.Debug|Any CPU.Build.0 = Debug|Any CPU
		{B72A4E53-62DD-4A27-81D6-4D2AECF01C3C}.Release|Any CPU.ActiveCfg = Release|Any CPU
		{B72A4E53-62DD-4A27-81D6-4D2AECF01C3C}.Release|Any CPU.Build.0 = Release|Any CPU
		{45C9A31E-79E2-4102-8733-E1BE361F39F9}.Debug|Any CPU.ActiveCfg = Debug|Any CPU
		{45C9A31E-79E2-4102-8733-E1BE361F39F9}.Debug|Any CPU.Build.0 = Debug|Any CPU
		{45C9A31E-79E2-4102-8733-E1BE361F39F9}.Release|Any CPU.ActiveCfg = Release|Any CPU
		{45C9A31E-79E2-4102-8733-E1BE361F39F9}.Release|Any CPU.Build.0 = Release|Any CPU
		{79C2361F-BC44-4356-9733-988544BB2C45}.Debug|Any CPU.ActiveCfg = Debug|Any CPU
		{79C2361F-BC44-4356-9733-988544BB2C45}.Debug|Any CPU.Build.0 = Debug|Any CPU
		{79C2361F-BC44-4356-9733-988544BB2C45}.Release|Any CPU.ActiveCfg = Release|Any CPU
		{79C2361F-BC44-4356-9733-988544BB2C45}.Release|Any CPU.Build.0 = Release|Any CPU
		{56980F74-9DB5-4F3A-BB51-F52681E5072E}.Debug|Any CPU.ActiveCfg = Debug|Any CPU
		{56980F74-9DB5-4F3A-BB51-F52681E5072E}.Debug|Any CPU.Build.0 = Debug|Any CPU
		{56980F74-9DB5-4F3A-BB51-F52681E5072E}.Release|Any CPU.ActiveCfg = Release|Any CPU
		{56980F74-9DB5-4F3A-BB51-F52681E5072E}.Release|Any CPU.Build.0 = Release|Any CPU
		{E16C5FDF-BEA4-4E9B-BE49-04ABBACDD0C1}.Debug|Any CPU.ActiveCfg = Debug|Any CPU
		{E16C5FDF-BEA4-4E9B-BE49-04ABBACDD0C1}.Debug|Any CPU.Build.0 = Debug|Any CPU
		{E16C5FDF-BEA4-4E9B-BE49-04ABBACDD0C1}.Release|Any CPU.ActiveCfg = Release|Any CPU
		{E16C5FDF-BEA4-4E9B-BE49-04ABBACDD0C1}.Release|Any CPU.Build.0 = Release|Any CPU
		{79360DDB-B0F6-4BCA-9C0C-5AE7443C4585}.Debug|Any CPU.ActiveCfg = Debug|Any CPU
		{79360DDB-B0F6-4BCA-9C0C-5AE7443C4585}.Debug|Any CPU.Build.0 = Debug|Any CPU
		{79360DDB-B0F6-4BCA-9C0C-5AE7443C4585}.Release|Any CPU.ActiveCfg = Release|Any CPU
		{79360DDB-B0F6-4BCA-9C0C-5AE7443C4585}.Release|Any CPU.Build.0 = Release|Any CPU
		{5E004654-1240-4F26-BDB7-2F21C4093B72}.Debug|Any CPU.ActiveCfg = Debug|Any CPU
		{5E004654-1240-4F26-BDB7-2F21C4093B72}.Debug|Any CPU.Build.0 = Debug|Any CPU
		{5E004654-1240-4F26-BDB7-2F21C4093B72}.Release|Any CPU.ActiveCfg = Release|Any CPU
		{5E004654-1240-4F26-BDB7-2F21C4093B72}.Release|Any CPU.Build.0 = Release|Any CPU
	EndGlobalSection
	GlobalSection(SolutionProperties) = preSolution
		HideSolutionNode = FALSE
	EndGlobalSection
	GlobalSection(NestedProjects) = preSolution
		{B72A4E53-62DD-4A27-81D6-4D2AECF01C3C} = {3789CB96-49AC-48E3-9748-3058EFFB24CD}
		{45C9A31E-79E2-4102-8733-E1BE361F39F9} = {3789CB96-49AC-48E3-9748-3058EFFB24CD}
		{79C2361F-BC44-4356-9733-988544BB2C45} = {3789CB96-49AC-48E3-9748-3058EFFB24CD}
		{56980F74-9DB5-4F3A-BB51-F52681E5072E} = {3789CB96-49AC-48E3-9748-3058EFFB24CD}
		{E16C5FDF-BEA4-4E9B-BE49-04ABBACDD0C1} = {E5D224EB-38C0-452E-A241-BA1EDAD66241}
		{79360DDB-B0F6-4BCA-9C0C-5AE7443C4585} = {E5D224EB-38C0-452E-A241-BA1EDAD66241}
		{5E004654-1240-4F26-BDB7-2F21C4093B72} = {E5D224EB-38C0-452E-A241-BA1EDAD66241}
	EndGlobalSection
	GlobalSection(ExtensibilityGlobals) = postSolution
		SolutionGuid = {A7B40AEB-7213-4D19-B40D-6476ADDD7E0C}
	EndGlobalSection
EndGlobal
